{
  "name": "github-auto-merge",
  "version": "1.0.0",
  "lockfileVersion": 1,
  "requires": true,
  "dependencies": {
    "@wearerequired/eslint-config": {
      "version": "1.6.0",
      "resolved": "https://registry.npmjs.org/@wearerequired/eslint-config/-/eslint-config-1.6.0.tgz",
      "integrity": "sha512-J1qS9JWbr3bm/OttsnEDXN8pTBKLSo8V/bNZIPq9vURrcIf2jOLv55jOYA/SOdtXGbSfK3tXXctxMJPpFJACiw==",
      "dev": true
    }
  }
}
