{
  "name": "github-auto-merge",
  "version": "1.0.0",
  "lockfileVersion": 1,
  "requires": true,
  "dependencies": {
    "@wearerequired/eslint-config": {
      "version": "2.0.0",
      "resolved": "https://registry.npmjs.org/@wearerequired/eslint-config/-/eslint-config-2.0.0.tgz",
      "integrity": "sha512-0NOJepsN9ibGYTaDCDCgZC/+N9PUEYZ0w/g5F5cGWdmEeBYqCgxNvRViwVJJIG0mXZOFKpxu+wrkryguSssmZw==",
      "dev": true
    }
  }
}
